
Microsoft Visual Studio Solution File, Format Version 12.00
# Visual Studio 2013
VisualStudioVersion = 12.0.21005.1
MinimumVisualStudioVersion = 10.0.40219.1
Project("{FAE04EC0-301F-11D3-BF4B-00C04F79EFBC}") = "AsmGrammar", "AsmGrammar\AsmGrammar.csproj", "{FFD820BD-0960-4392-B5C6-A1332203AC79}"
EndProject
Project("{FAE04EC0-301F-11D3-BF4B-00C04F79EFBC}") = "AsmUI", "AsmUI\AsmUI.csproj", "{46D90223-5D80-437C-ABC1-6511400CBB84}"
EndProject
Project("{FAE04EC0-301F-11D3-BF4B-00C04F79EFBC}") = "MustacheUI", "MustacheUI\MustacheUI.csproj", "{A95BA85B-FA8E-4C3C-ADF0-2A239CD614A6}"
EndProject
Project("{FAE04EC0-301F-11D3-BF4B-00C04F79EFBC}") = "MustacheGrammar", "MustacheGrammar\MustacheGrammar.csproj", "{9D665CBF-12E7-43EA-937A-7DEBA8B092A9}"
EndProject
Project("{FAE04EC0-301F-11D3-BF4B-00C04F79EFBC}") = "MdLiteGrammar", "MdLiteGrammar\MdLiteGrammar.csproj", "{FBA804D7-690D-430C-B128-BCFF330D4071}"
EndProject
Project("{FAE04EC0-301F-11D3-BF4B-00C04F79EFBC}") = "MdLiteUI", "MdLiteUI\MdLiteUI.csproj", "{3D0B8F29-424B-44FB-9AF2-CFCB5D093AB9}"
EndProject
Project("{FAE04EC0-301F-11D3-BF4B-00C04F79EFBC}") = "AsmUnitTest", "AsmUnitTest\AsmUnitTest.csproj", "{9381114B-EA6F-4CEE-9933-F613EEF5B796}"
EndProject
Global
	GlobalSection(SolutionConfigurationPlatforms) = preSolution
		Debug|Any CPU = Debug|Any CPU
		Release|Any CPU = Release|Any CPU
	EndGlobalSection
	GlobalSection(ProjectConfigurationPlatforms) = postSolution
		{FFD820BD-0960-4392-B5C6-A1332203AC79}.Debug|Any CPU.ActiveCfg = Debug|Any CPU
		{FFD820BD-0960-4392-B5C6-A1332203AC79}.Debug|Any CPU.Build.0 = Debug|Any CPU
		{FFD820BD-0960-4392-B5C6-A1332203AC79}.Release|Any CPU.ActiveCfg = Release|Any CPU
		{FFD820BD-0960-4392-B5C6-A1332203AC79}.Release|Any CPU.Build.0 = Release|Any CPU
		{46D90223-5D80-437C-ABC1-6511400CBB84}.Debug|Any CPU.ActiveCfg = Debug|Any CPU
		{46D90223-5D80-437C-ABC1-6511400CBB84}.Debug|Any CPU.Build.0 = Debug|Any CPU
		{46D90223-5D80-437C-ABC1-6511400CBB84}.Release|Any CPU.ActiveCfg = Release|Any CPU
		{46D90223-5D80-437C-ABC1-6511400CBB84}.Release|Any CPU.Build.0 = Release|Any CPU
		{A95BA85B-FA8E-4C3C-ADF0-2A239CD614A6}.Debug|Any CPU.ActiveCfg = Debug|Any CPU
		{A95BA85B-FA8E-4C3C-ADF0-2A239CD614A6}.Debug|Any CPU.Build.0 = Debug|Any CPU
		{A95BA85B-FA8E-4C3C-ADF0-2A239CD614A6}.Release|Any CPU.ActiveCfg = Release|Any CPU
		{A95BA85B-FA8E-4C3C-ADF0-2A239CD614A6}.Release|Any CPU.Build.0 = Release|Any CPU
		{9D665CBF-12E7-43EA-937A-7DEBA8B092A9}.Debug|Any CPU.ActiveCfg = Debug|Any CPU
		{9D665CBF-12E7-43EA-937A-7DEBA8B092A9}.Debug|Any CPU.Build.0 = Debug|Any CPU
		{9D665CBF-12E7-43EA-937A-7DEBA8B092A9}.Release|Any CPU.ActiveCfg = Release|Any CPU
		{9D665CBF-12E7-43EA-937A-7DEBA8B092A9}.Release|Any CPU.Build.0 = Release|Any CPU
		{FBA804D7-690D-430C-B128-BCFF330D4071}.Debug|Any CPU.ActiveCfg = Debug|Any CPU
		{FBA804D7-690D-430C-B128-BCFF330D4071}.Debug|Any CPU.Build.0 = Debug|Any CPU
		{FBA804D7-690D-430C-B128-BCFF330D4071}.Release|Any CPU.ActiveCfg = Release|Any CPU
		{FBA804D7-690D-430C-B128-BCFF330D4071}.Release|Any CPU.Build.0 = Release|Any CPU
		{3D0B8F29-424B-44FB-9AF2-CFCB5D093AB9}.Debug|Any CPU.ActiveCfg = Debug|Any CPU
		{3D0B8F29-424B-44FB-9AF2-CFCB5D093AB9}.Debug|Any CPU.Build.0 = Debug|Any CPU
		{3D0B8F29-424B-44FB-9AF2-CFCB5D093AB9}.Release|Any CPU.ActiveCfg = Release|Any CPU
		{3D0B8F29-424B-44FB-9AF2-CFCB5D093AB9}.Release|Any CPU.Build.0 = Release|Any CPU
		{9381114B-EA6F-4CEE-9933-F613EEF5B796}.Debug|Any CPU.ActiveCfg = Debug|Any CPU
		{9381114B-EA6F-4CEE-9933-F613EEF5B796}.Debug|Any CPU.Build.0 = Debug|Any CPU
		{9381114B-EA6F-4CEE-9933-F613EEF5B796}.Release|Any CPU.ActiveCfg = Release|Any CPU
		{9381114B-EA6F-4CEE-9933-F613EEF5B796}.Release|Any CPU.Build.0 = Release|Any CPU
	EndGlobalSection
	GlobalSection(SolutionProperties) = preSolution
		HideSolutionNode = FALSE
	EndGlobalSection
EndGlobal
