
Microsoft Visual Studio Solution File, Format Version 12.00
# Visual Studio 2013
VisualStudioVersion = 12.0.21005.1
MinimumVisualStudioVersion = 10.0.40219.1
Project("{FAE04EC0-301F-11D3-BF4B-00C04F79EFBC}") = "Lab1Asm", "Lab1Asm\Lab1Asm.csproj", "{FF87953D-DD31-43AD-9CA4-602BCB381AE7}"
EndProject
Project("{FAE04EC0-301F-11D3-BF4B-00C04F79EFBC}") = "LibAsm", "LibAsm\LibAsm.csproj", "{E2984C7C-1988-49A7-9820-A28F93BE36A9}"
EndProject
Project("{FAE04EC0-301F-11D3-BF4B-00C04F79EFBC}") = "Lab2CletAut", "Lab2CletAut\Lab2CletAut.csproj", "{C76F99DF-615B-4A0C-BBEB-9C10ED0741B6}"
EndProject
Project("{FAE04EC0-301F-11D3-BF4B-00C04F79EFBC}") = "Lab3DetAut", "Lab3DetAut\Lab3DetAut.csproj", "{4EBED2AC-4327-4BA6-B4D7-1A5D1FD23D0E}"
EndProject
Project("{FAE04EC0-301F-11D3-BF4B-00C04F79EFBC}") = "LibCletAut", "LibCletAut\LibCletAut.csproj", "{AC7091AB-A93B-4443-9B1D-0788178560A5}"
EndProject
Project("{FAE04EC0-301F-11D3-BF4B-00C04F79EFBC}") = "LibDetAut", "LibDetAut\LibDetAut.csproj", "{075C4C53-21E2-4389-A4C1-3E3C2F09DD79}"
EndProject
Global
	GlobalSection(SolutionConfigurationPlatforms) = preSolution
		Debug|Any CPU = Debug|Any CPU
		Release|Any CPU = Release|Any CPU
	EndGlobalSection
	GlobalSection(ProjectConfigurationPlatforms) = postSolution
		{FF87953D-DD31-43AD-9CA4-602BCB381AE7}.Debug|Any CPU.ActiveCfg = Debug|Any CPU
		{FF87953D-DD31-43AD-9CA4-602BCB381AE7}.Debug|Any CPU.Build.0 = Debug|Any CPU
		{FF87953D-DD31-43AD-9CA4-602BCB381AE7}.Release|Any CPU.ActiveCfg = Release|Any CPU
		{FF87953D-DD31-43AD-9CA4-602BCB381AE7}.Release|Any CPU.Build.0 = Release|Any CPU
		{E2984C7C-1988-49A7-9820-A28F93BE36A9}.Debug|Any CPU.ActiveCfg = Debug|Any CPU
		{E2984C7C-1988-49A7-9820-A28F93BE36A9}.Debug|Any CPU.Build.0 = Debug|Any CPU
		{E2984C7C-1988-49A7-9820-A28F93BE36A9}.Release|Any CPU.ActiveCfg = Release|Any CPU
		{E2984C7C-1988-49A7-9820-A28F93BE36A9}.Release|Any CPU.Build.0 = Release|Any CPU
		{C76F99DF-615B-4A0C-BBEB-9C10ED0741B6}.Debug|Any CPU.ActiveCfg = Debug|Any CPU
		{C76F99DF-615B-4A0C-BBEB-9C10ED0741B6}.Debug|Any CPU.Build.0 = Debug|Any CPU
		{C76F99DF-615B-4A0C-BBEB-9C10ED0741B6}.Release|Any CPU.ActiveCfg = Release|Any CPU
		{C76F99DF-615B-4A0C-BBEB-9C10ED0741B6}.Release|Any CPU.Build.0 = Release|Any CPU
		{4EBED2AC-4327-4BA6-B4D7-1A5D1FD23D0E}.Debug|Any CPU.ActiveCfg = Debug|Any CPU
		{4EBED2AC-4327-4BA6-B4D7-1A5D1FD23D0E}.Debug|Any CPU.Build.0 = Debug|Any CPU
		{4EBED2AC-4327-4BA6-B4D7-1A5D1FD23D0E}.Release|Any CPU.ActiveCfg = Release|Any CPU
		{4EBED2AC-4327-4BA6-B4D7-1A5D1FD23D0E}.Release|Any CPU.Build.0 = Release|Any CPU
		{AC7091AB-A93B-4443-9B1D-0788178560A5}.Debug|Any CPU.ActiveCfg = Debug|Any CPU
		{AC7091AB-A93B-4443-9B1D-0788178560A5}.Debug|Any CPU.Build.0 = Debug|Any CPU
		{AC7091AB-A93B-4443-9B1D-0788178560A5}.Release|Any CPU.ActiveCfg = Release|Any CPU
		{AC7091AB-A93B-4443-9B1D-0788178560A5}.Release|Any CPU.Build.0 = Release|Any CPU
		{075C4C53-21E2-4389-A4C1-3E3C2F09DD79}.Debug|Any CPU.ActiveCfg = Debug|Any CPU
		{075C4C53-21E2-4389-A4C1-3E3C2F09DD79}.Debug|Any CPU.Build.0 = Debug|Any CPU
		{075C4C53-21E2-4389-A4C1-3E3C2F09DD79}.Release|Any CPU.ActiveCfg = Release|Any CPU
		{075C4C53-21E2-4389-A4C1-3E3C2F09DD79}.Release|Any CPU.Build.0 = Release|Any CPU
	EndGlobalSection
	GlobalSection(SolutionProperties) = preSolution
		HideSolutionNode = FALSE
	EndGlobalSection
EndGlobal
